
Microsoft Visual Studio Solution File, Format Version 12.00
# Visual Studio Version 16
VisualStudioVersion = 16.0.30503.244
MinimumVisualStudioVersion = 10.0.40219.1
Project("{FAE04EC0-301F-11D3-BF4B-00C04F79EFBC}") = "SatyaMvc4Crud", "SatyaMvc4Crud\SatyaMvc4Crud.csproj", "{45BE47BC-DA87-4299-95D7-83B06C17DF20}"
EndProject
Global
	GlobalSection(SolutionConfigurationPlatforms) = preSolution
		Debug|Any CPU = Debug|Any CPU
		Release|Any CPU = Release|Any CPU
	EndGlobalSection
	GlobalSection(ProjectConfigurationPlatforms) = postSolution
		{45BE47BC-DA87-4299-95D7-83B06C17DF20}.Debug|Any CPU.ActiveCfg = Debug|Any CPU
		{45BE47BC-DA87-4299-95D7-83B06C17DF20}.Debug|Any CPU.Build.0 = Debug|Any CPU
		{45BE47BC-DA87-4299-95D7-83B06C17DF20}.Release|Any CPU.ActiveCfg = Release|Any CPU
		{45BE47BC-DA87-4299-95D7-83B06C17DF20}.Release|Any CPU.Build.0 = Release|Any CPU
	EndGlobalSection
	GlobalSection(SolutionProperties) = preSolution
		HideSolutionNode = FALSE
	EndGlobalSection
	GlobalSection(ExtensibilityGlobals) = postSolution
		SolutionGuid = {F231A900-252A-4CB3-89FF-49243D9B6560}
	EndGlobalSection
EndGlobal
